// !$*UTF8*$!
{
	archiveVersion = 1;
	classes = {
	};
	objectVersion = 56;
	objects = {

/* Begin PBXBuildFile section */
		8394E41E2A0FF58E00B1613C /* JavelinDevice.swift in Sources */ = {isa = PBXBuildFile; fileRef = 8394E41D2A0FF58E00B1613C /* JavelinDevice.swift */; };
		83950C102A0F5CE000A7CAAF /* javelin_steno_menubarApp.swift in Sources */ = {isa = PBXBuildFile; fileRef = 83950C0F2A0F5CE000A7CAAF /* javelin_steno_menubarApp.swift */; };
		83950C142A0F5CE200A7CAAF /* Assets.xcassets in Resources */ = {isa = PBXBuildFile; fileRef = 83950C132A0F5CE200A7CAAF /* Assets.xcassets */; };
		83950C172A0F5CE200A7CAAF /* Preview Assets.xcassets in Resources */ = {isa = PBXBuildFile; fileRef = 83950C162A0F5CE200A7CAAF /* Preview Assets.xcassets */; };
		83950C1F2A0F60C500A7CAAF /* HidManager.swift in Sources */ = {isa = PBXBuildFile; fileRef = 83950C1E2A0F60C500A7CAAF /* HidManager.swift */; };
/* End PBXBuildFile section */

/* Begin PBXFileReference section */
		8394E41D2A0FF58E00B1613C /* JavelinDevice.swift */ = {isa = PBXFileReference; lastKnownFileType = sourcecode.swift; path = JavelinDevice.swift; sourceTree = "<group>"; };
		83950C0C2A0F5CE000A7CAAF /* javelin-steno-menubar.app */ = {isa = PBXFileReference; explicitFileType = wrapper.application; includeInIndex = 0; path = "javelin-steno-menubar.app"; sourceTree = BUILT_PRODUCTS_DIR; };
		83950C0F2A0F5CE000A7CAAF /* javelin_steno_menubarApp.swift */ = {isa = PBXFileReference; lastKnownFileType = sourcecode.swift; path = javelin_steno_menubarApp.swift; sourceTree = "<group>"; };
		83950C132A0F5CE200A7CAAF /* Assets.xcassets */ = {isa = PBXFileReference; lastKnownFileType = folder.assetcatalog; path = Assets.xcassets; sourceTree = "<group>"; };
		83950C162A0F5CE200A7CAAF /* Preview Assets.xcassets */ = {isa = PBXFileReference; lastKnownFileType = folder.assetcatalog; path = "Preview Assets.xcassets"; sourceTree = "<group>"; };
		83950C182A0F5CE200A7CAAF /* javelin_steno_menubar.entitlements */ = {isa = PBXFileReference; lastKnownFileType = text.plist.entitlements; path = javelin_steno_menubar.entitlements; sourceTree = "<group>"; };
		83950C1E2A0F60C500A7CAAF /* HidManager.swift */ = {isa = PBXFileReference; lastKnownFileType = sourcecode.swift; path = HidManager.swift; sourceTree = "<group>"; };
/* End PBXFileReference section */

/* Begin PBXFrameworksBuildPhase section */
		83950C092A0F5CE000A7CAAF /* Frameworks */ = {
			isa = PBXFrameworksBuildPhase;
			buildActionMask = 2147483647;
			files = (
			);
			runOnlyForDeploymentPostprocessing = 0;
		};
/* End PBXFrameworksBuildPhase section */

/* Begin PBXGroup section */
		83950C032A0F5CE000A7CAAF = {
			isa = PBXGroup;
			children = (
				83950C0F2A0F5CE000A7CAAF /* javelin_steno_menubarApp.swift */,
				83950C132A0F5CE200A7CAAF /* Assets.xcassets */,
				83950C182A0F5CE200A7CAAF /* javelin_steno_menubar.entitlements */,
				83950C152A0F5CE200A7CAAF /* Preview Content */,
				83950C1E2A0F60C500A7CAAF /* HidManager.swift */,
				8394E41D2A0FF58E00B1613C /* JavelinDevice.swift */,
				83950C0D2A0F5CE000A7CAAF /* Products */,
			);
			sourceTree = "<group>";
		};
		83950C0D2A0F5CE000A7CAAF /* Products */ = {
			isa = PBXGroup;
			children = (
				83950C0C2A0F5CE000A7CAAF /* javelin-steno-menubar.app */,
			);
			name = Products;
			sourceTree = "<group>";
		};
		83950C152A0F5CE200A7CAAF /* Preview Content */ = {
			isa = PBXGroup;
			children = (
				83950C162A0F5CE200A7CAAF /* Preview Assets.xcassets */,
			);
			path = "Preview Content";
			sourceTree = "<group>";
		};
/* End PBXGroup section */

/* Begin PBXNativeTarget section */
		83950C0B2A0F5CE000A7CAAF /* javelin-steno-menubar */ = {
			isa = PBXNativeTarget;
			buildConfigurationList = 83950C1B2A0F5CE200A7CAAF /* Build configuration list for PBXNativeTarget "javelin-steno-menubar" */;
			buildPhases = (
				83950C082A0F5CE000A7CAAF /* Sources */,
				83950C092A0F5CE000A7CAAF /* Frameworks */,
				83950C0A2A0F5CE000A7CAAF /* Resources */,
			);
			buildRules = (
			);
			dependencies = (
			);
			name = "javelin-steno-menubar";
			productName = "javelin-steno-menubar";
			productReference = 83950C0C2A0F5CE000A7CAAF /* javelin-steno-menubar.app */;
			productType = "com.apple.product-type.application";
		};
/* End PBXNativeTarget section */

/* Begin PBXProject section */
		83950C042A0F5CE000A7CAAF /* Project object */ = {
			isa = PBXProject;
			attributes = {
				BuildIndependentTargetsInParallel = 1;
				LastSwiftUpdateCheck = 1410;
				LastUpgradeCheck = 1410;
				TargetAttributes = {
					83950C0B2A0F5CE000A7CAAF = {
						CreatedOnToolsVersion = 14.1;
					};
				};
			};
			buildConfigurationList = 83950C072A0F5CE000A7CAAF /* Build configuration list for PBXProject "javelin-steno-menubar" */;
			compatibilityVersion = "Xcode 14.0";
			developmentRegion = en;
			hasScannedForEncodings = 0;
			knownRegions = (
				en,
				Base,
			);
			mainGroup = 83950C032A0F5CE000A7CAAF;
			productRefGroup = 83950C0D2A0F5CE000A7CAAF /* Products */;
			projectDirPath = "";
			projectRoot = "";
			targets = (
				83950C0B2A0F5CE000A7CAAF /* javelin-steno-menubar */,
			);
		};
/* End PBXProject section */

/* Begin PBXResourcesBuildPhase section */
		83950C0A2A0F5CE000A7CAAF /* Resources */ = {
			isa = PBXResourcesBuildPhase;
			buildActionMask = 2147483647;
			files = (
				83950C172A0F5CE200A7CAAF /* Preview Assets.xcassets in Resources */,
				83950C142A0F5CE200A7CAAF /* Assets.xcassets in Resources */,
			);
			runOnlyForDeploymentPostprocessing = 0;
		};
/* End PBXResourcesBuildPhase section */

/* Begin PBXSourcesBuildPhase section */
		83950C082A0F5CE000A7CAAF /* Sources */ = {
			isa = PBXSourcesBuildPhase;
			buildActionMask = 2147483647;
			files = (
				83950C1F2A0F60C500A7CAAF /* HidManager.swift in Sources */,
				83950C102A0F5CE000A7CAAF /* javelin_steno_menubarApp.swift in Sources */,
				8394E41E2A0FF58E00B1613C /* JavelinDevice.swift in Sources */,
			);
			runOnlyForDeploymentPostprocessing = 0;
		};
/* End PBXSourcesBuildPhase section */

/* Begin XCBuildConfiguration section */
		83950C192A0F5CE200A7CAAF /* Debug */ = {
			isa = XCBuildConfiguration;
			buildSettings = {
				ALWAYS_SEARCH_USER_PATHS = NO;
				CLANG_ANALYZER_NONNULL = YES;
				CLANG_ANALYZER_NUMBER_OBJECT_CONVERSION = YES_AGGRESSIVE;
				CLANG_CXX_LANGUAGE_STANDARD = "gnu++20";
				CLANG_ENABLE_MODULES = YES;
				CLANG_ENABLE_OBJC_ARC = YES;
				CLANG_ENABLE_OBJC_WEAK = YES;
				CLANG_WARN_BLOCK_CAPTURE_AUTORELEASING = YES;
				CLANG_WARN_BOOL_CONVERSION = YES;
				CLANG_WARN_COMMA = YES;
				CLANG_WARN_CONSTANT_CONVERSION = YES;
				CLANG_WARN_DEPRECATED_OBJC_IMPLEMENTATIONS = YES;
				CLANG_WARN_DIRECT_OBJC_ISA_USAGE = YES_ERROR;
				CLANG_WARN_DOCUMENTATION_COMMENTS = YES;
				CLANG_WARN_EMPTY_BODY = YES;
				CLANG_WARN_ENUM_CONVERSION = YES;
				CLANG_WARN_INFINITE_RECURSION = YES;
				CLANG_WARN_INT_CONVERSION = YES;
				CLANG_WARN_NON_LITERAL_NULL_CONVERSION = YES;
				CLANG_WARN_OBJC_IMPLICIT_RETAIN_SELF = YES;
				CLANG_WARN_OBJC_LITERAL_CONVERSION = YES;
				CLANG_WARN_OBJC_ROOT_CLASS = YES_ERROR;
				CLANG_WARN_QUOTED_INCLUDE_IN_FRAMEWORK_HEADER = YES;
				CLANG_WARN_RANGE_LOOP_ANALYSIS = YES;
				CLANG_WARN_STRICT_PROTOTYPES = YES;
				CLANG_WARN_SUSPICIOUS_MOVE = YES;
				CLANG_WARN_UNGUARDED_AVAILABILITY = YES_AGGRESSIVE;
				CLANG_WARN_UNREACHABLE_CODE = YES;
				CLANG_WARN__DUPLICATE_METHOD_MATCH = YES;
				COPY_PHASE_STRIP = NO;
				DEBUG_INFORMATION_FORMAT = dwarf;
				ENABLE_STRICT_OBJC_MSGSEND = YES;
				ENABLE_TESTABILITY = YES;
				GCC_C_LANGUAGE_STANDARD = gnu11;
				GCC_DYNAMIC_NO_PIC = NO;
				GCC_NO_COMMON_BLOCKS = YES;
				GCC_OPTIMIZATION_LEVEL = 0;
				GCC_PREPROCESSOR_DEFINITIONS = (
					"DEBUG=1",
					"$(inherited)",
				);
				GCC_WARN_64_TO_32_BIT_CONVERSION = YES;
				GCC_WARN_ABOUT_RETURN_TYPE = YES_ERROR;
				GCC_WARN_UNDECLARED_SELECTOR = YES;
				GCC_WARN_UNINITIALIZED_AUTOS = YES_AGGRESSIVE;
				GCC_WARN_UNUSED_FUNCTION = YES;
				GCC_WARN_UNUSED_VARIABLE = YES;
				MACOSX_DEPLOYMENT_TARGET = 13.0;
				MTL_ENABLE_DEBUG_INFO = INCLUDE_SOURCE;
				MTL_FAST_MATH = YES;
				ONLY_ACTIVE_ARCH = YES;
				SDKROOT = macosx;
				SWIFT_ACTIVE_COMPILATION_CONDITIONS = DEBUG;
				SWIFT_OPTIMIZATION_LEVEL = "-Onone";
			};
			name = Debug;
		};
		83950C1A2A0F5CE200A7CAAF /* Release */ = {
			isa = XCBuildConfiguration;
			buildSettings = {
				ALWAYS_SEARCH_USER_PATHS = NO;
				CLANG_ANALYZER_NONNULL = YES;
				CLANG_ANALYZER_NUMBER_OBJECT_CONVERSION = YES_AGGRESSIVE;
				CLANG_CXX_LANGUAGE_STANDARD = "gnu++20";
				CLANG_ENABLE_MODULES = YES;
				CLANG_ENABLE_OBJC_ARC = YES;
				CLANG_ENABLE_OBJC_WEAK = YES;
				CLANG_WARN_BLOCK_CAPTURE_AUTORELEASING = YES;
				CLANG_WARN_BOOL_CONVERSION = YES;
				CLANG_WARN_COMMA = YES;
				CLANG_WARN_CONSTANT_CONVERSION = YES;
				CLANG_WARN_DEPRECATED_OBJC_IMPLEMENTATIONS = YES;
				CLANG_WARN_DIRECT_OBJC_ISA_USAGE = YES_ERROR;
				CLANG_WARN_DOCUMENTATION_COMMENTS = YES;
				CLANG_WARN_EMPTY_BODY = YES;
				CLANG_WARN_ENUM_CONVERSION = YES;
				CLANG_WARN_INFINITE_RECURSION = YES;
				CLANG_WARN_INT_CONVERSION = YES;
				CLANG_WARN_NON_LITERAL_NULL_CONVERSION = YES;
				CLANG_WARN_OBJC_IMPLICIT_RETAIN_SELF = YES;
				CLANG_WARN_OBJC_LITERAL_CONVERSION = YES;
				CLANG_WARN_OBJC_ROOT_CLASS = YES_ERROR;
				CLANG_WARN_QUOTED_INCLUDE_IN_FRAMEWORK_HEADER = YES;
				CLANG_WARN_RANGE_LOOP_ANALYSIS = YES;
				CLANG_WARN_STRICT_PROTOTYPES = YES;
				CLANG_WARN_SUSPICIOUS_MOVE = YES;
				CLANG_WARN_UNGUARDED_AVAILABILITY = YES_AGGRESSIVE;
				CLANG_WARN_UNREACHABLE_CODE = YES;
				CLANG_WARN__DUPLICATE_METHOD_MATCH = YES;
				COPY_PHASE_STRIP = NO;
				DEBUG_INFORMATION_FORMAT = "dwarf-with-dsym";
				ENABLE_NS_ASSERTIONS = NO;
				ENABLE_STRICT_OBJC_MSGSEND = YES;
				GCC_C_LANGUAGE_STANDARD = gnu11;
				GCC_NO_COMMON_BLOCKS = YES;
				GCC_WARN_64_TO_32_BIT_CONVERSION = YES;
				GCC_WARN_ABOUT_RETURN_TYPE = YES_ERROR;
				GCC_WARN_UNDECLARED_SELECTOR = YES;
				GCC_WARN_UNINITIALIZED_AUTOS = YES_AGGRESSIVE;
				GCC_WARN_UNUSED_FUNCTION = YES;
				GCC_WARN_UNUSED_VARIABLE = YES;
				MACOSX_DEPLOYMENT_TARGET = 13.0;
				MTL_ENABLE_DEBUG_INFO = NO;
				MTL_FAST_MATH = YES;
				SDKROOT = macosx;
				SWIFT_COMPILATION_MODE = wholemodule;
				SWIFT_OPTIMIZATION_LEVEL = "-O";
			};
			name = Release;
		};
		83950C1C2A0F5CE200A7CAAF /* Debug */ = {
			isa = XCBuildConfiguration;
			buildSettings = {
				ASSETCATALOG_COMPILER_APPICON_NAME = AppIcon;
				ASSETCATALOG_COMPILER_GLOBAL_ACCENT_COLOR_NAME = AccentColor;
				CODE_SIGN_ENTITLEMENTS = javelin_steno_menubar.entitlements;
				CODE_SIGN_STYLE = Automatic;
				COMBINE_HIDPI_IMAGES = YES;
				CURRENT_PROJECT_VERSION = 1;
				DEVELOPMENT_ASSET_PATHS = "\"Preview Content\"";
				ENABLE_PREVIEWS = YES;
				GENERATE_INFOPLIST_FILE = YES;
				INFOPLIST_KEY_NSHumanReadableCopyright = "";
				LD_RUNPATH_SEARCH_PATHS = (
					"$(inherited)",
					"@executable_path/../Frameworks",
				);
				MARKETING_VERSION = 1.0;
				PRODUCT_BUNDLE_IDENTIFIER = "au.com.lim.javelin-steno-menubar";
				PRODUCT_NAME = "$(TARGET_NAME)";
				SWIFT_EMIT_LOC_STRINGS = YES;
				SWIFT_VERSION = 5.0;
			};
			name = Debug;
		};
		83950C1D2A0F5CE200A7CAAF /* Release */ = {
			isa = XCBuildConfiguration;
			buildSettings = {
				ASSETCATALOG_COMPILER_APPICON_NAME = AppIcon;
				ASSETCATALOG_COMPILER_GLOBAL_ACCENT_COLOR_NAME = AccentColor;
				CODE_SIGN_ENTITLEMENTS = javelin_steno_menubar.entitlements;
				CODE_SIGN_STYLE = Automatic;
				COMBINE_HIDPI_IMAGES = YES;
				CURRENT_PROJECT_VERSION = 1;
				DEVELOPMENT_ASSET_PATHS = "\"Preview Content\"";
				ENABLE_PREVIEWS = YES;
				GENERATE_INFOPLIST_FILE = YES;
				INFOPLIST_KEY_NSHumanReadableCopyright = "";
				LD_RUNPATH_SEARCH_PATHS = (
					"$(inherited)",
					"@executable_path/../Frameworks",
				);
				MARKETING_VERSION = 1.0;
				PRODUCT_BUNDLE_IDENTIFIER = "au.com.lim.javelin-steno-menubar";
				PRODUCT_NAME = "$(TARGET_NAME)";
				SWIFT_EMIT_LOC_STRINGS = YES;
				SWIFT_VERSION = 5.0;
			};
			name = Release;
		};
/* End XCBuildConfiguration section */

/* Begin XCConfigurationList section */
		83950C072A0F5CE000A7CAAF /* Build configuration list for PBXProject "javelin-steno-menubar" */ = {
			isa = XCConfigurationList;
			buildConfigurations = (
				83950C192A0F5CE200A7CAAF /* Debug */,
				83950C1A2A0F5CE200A7CAAF /* Release */,
			);
			defaultConfigurationIsVisible = 0;
			defaultConfigurationName = Release;
		};
		83950C1B2A0F5CE200A7CAAF /* Build configuration list for PBXNativeTarget "javelin-steno-menubar" */ = {
			isa = XCConfigurationList;
			buildConfigurations = (
				83950C1C2A0F5CE200A7CAAF /* Debug */,
				83950C1D2A0F5CE200A7CAAF /* Release */,
			);
			defaultConfigurationIsVisible = 0;
			defaultConfigurationName = Release;
		};
/* End XCConfigurationList section */
	};
	rootObject = 83950C042A0F5CE000A7CAAF /* Project object */;
}
